
Microsoft Visual Studio Solution File, Format Version 12.00
# Visual Studio 2013
VisualStudioVersion = 12.0.30501.0
MinimumVisualStudioVersion = 10.0.40219.1
Project("{F2A71F9B-5D33-465A-A702-920D77279786}") = "FriendlyFSharp", "FriendlyFSharp\FriendlyFSharp.fsproj", "{90205045-59A9-4D66-A315-78C5061B2210}"
EndProject
Global
	GlobalSection(SolutionConfigurationPlatforms) = preSolution
		Debug|Any CPU = Debug|Any CPU
		Release|Any CPU = Release|Any CPU
	EndGlobalSection
	GlobalSection(ProjectConfigurationPlatforms) = postSolution
		{90205045-59A9-4D66-A315-78C5061B2210}.Debug|Any CPU.ActiveCfg = Debug|Any CPU
		{90205045-59A9-4D66-A315-78C5061B2210}.Debug|Any CPU.Build.0 = Debug|Any CPU
		{90205045-59A9-4D66-A315-78C5061B2210}.Release|Any CPU.ActiveCfg = Release|Any CPU
		{90205045-59A9-4D66-A315-78C5061B2210}.Release|Any CPU.Build.0 = Release|Any CPU
	EndGlobalSection
	GlobalSection(SolutionProperties) = preSolution
		HideSolutionNode = FALSE
	EndGlobalSection
EndGlobal
